
Microsoft Visual Studio Solution File, Format Version 12.00
# Visual Studio 14
VisualStudioVersion = 14.0.23107.0
MinimumVisualStudioVersion = 10.0.40219.1
Project("{FAE04EC0-301F-11D3-BF4B-00C04F79EFBC}") = "RestEasy.Core", "src\Core\RestEasy.Core.csproj", "{B520FABA-C59B-4132-B520-088FFEFD8D6E}"
EndProject
Project("{2150E333-8FDC-42A3-9474-1A3956D46DE8}") = ".tests", ".tests", "{D2BA6ED9-8B20-424A-82BA-4AC4C51122D7}"
EndProject
Project("{FAE04EC0-301F-11D3-BF4B-00C04F79EFBC}") = "RestEasy.UnitTests.Core", "tests\UnitTests\Core\RestEasy.UnitTests.Core.csproj", "{250E6403-229F-4F2E-A7D5-8F147990C375}"
EndProject
Project("{2150E333-8FDC-42A3-9474-1A3956D46DE8}") = "UnitTests", "UnitTests", "{8B0591DA-86AD-401F-BBBB-0F9310C09D44}"
EndProject
Project("{2150E333-8FDC-42A3-9474-1A3956D46DE8}") = "IntegrationTests", "IntegrationTests", "{4BA50C37-AFB3-41D0-B2E4-0A3ED5F560A3}"
EndProject
Project("{FAE04EC0-301F-11D3-BF4B-00C04F79EFBC}") = "RestEasy.IntegrationTests.Core", "tests\IntegrationTests\Core\RestEasy.IntegrationTests.Core.csproj", "{1C564AC7-1C30-45A0-A7B3-1EAE84FB760F}"
EndProject
Global
	GlobalSection(SolutionConfigurationPlatforms) = preSolution
		Debug|Any CPU = Debug|Any CPU
		Release|Any CPU = Release|Any CPU
	EndGlobalSection
	GlobalSection(ProjectConfigurationPlatforms) = postSolution
		{B520FABA-C59B-4132-B520-088FFEFD8D6E}.Debug|Any CPU.ActiveCfg = Debug|Any CPU
		{B520FABA-C59B-4132-B520-088FFEFD8D6E}.Debug|Any CPU.Build.0 = Debug|Any CPU
		{B520FABA-C59B-4132-B520-088FFEFD8D6E}.Release|Any CPU.ActiveCfg = Release|Any CPU
		{B520FABA-C59B-4132-B520-088FFEFD8D6E}.Release|Any CPU.Build.0 = Release|Any CPU
		{250E6403-229F-4F2E-A7D5-8F147990C375}.Debug|Any CPU.ActiveCfg = Debug|Any CPU
		{250E6403-229F-4F2E-A7D5-8F147990C375}.Debug|Any CPU.Build.0 = Debug|Any CPU
		{250E6403-229F-4F2E-A7D5-8F147990C375}.Release|Any CPU.ActiveCfg = Release|Any CPU
		{250E6403-229F-4F2E-A7D5-8F147990C375}.Release|Any CPU.Build.0 = Release|Any CPU
		{1C564AC7-1C30-45A0-A7B3-1EAE84FB760F}.Debug|Any CPU.ActiveCfg = Debug|Any CPU
		{1C564AC7-1C30-45A0-A7B3-1EAE84FB760F}.Debug|Any CPU.Build.0 = Debug|Any CPU
		{1C564AC7-1C30-45A0-A7B3-1EAE84FB760F}.Release|Any CPU.ActiveCfg = Release|Any CPU
		{1C564AC7-1C30-45A0-A7B3-1EAE84FB760F}.Release|Any CPU.Build.0 = Release|Any CPU
	EndGlobalSection
	GlobalSection(SolutionProperties) = preSolution
		HideSolutionNode = FALSE
	EndGlobalSection
	GlobalSection(NestedProjects) = preSolution
		{250E6403-229F-4F2E-A7D5-8F147990C375} = {8B0591DA-86AD-401F-BBBB-0F9310C09D44}
		{8B0591DA-86AD-401F-BBBB-0F9310C09D44} = {D2BA6ED9-8B20-424A-82BA-4AC4C51122D7}
		{4BA50C37-AFB3-41D0-B2E4-0A3ED5F560A3} = {D2BA6ED9-8B20-424A-82BA-4AC4C51122D7}
		{1C564AC7-1C30-45A0-A7B3-1EAE84FB760F} = {4BA50C37-AFB3-41D0-B2E4-0A3ED5F560A3}
	EndGlobalSection
EndGlobal
